// !$*UTF8*$!
{
	archiveVersion = 1;
	classes = {
	};
	objectVersion = 48;
	objects = {

/* Begin PBXBuildFile section */
		2843D1212071A80500A76C22 /* HeroListViewController.swift in Sources */ = {isa = PBXBuildFile; fileRef = 2843D1202071A80500A76C22 /* HeroListViewController.swift */; };
		2843D1242071A8B200A76C22 /* Hero.swift in Sources */ = {isa = PBXBuildFile; fileRef = 2843D1232071A8B200A76C22 /* Hero.swift */; };
		2843D1262071A9E800A76C22 /* Universe.swift in Sources */ = {isa = PBXBuildFile; fileRef = 2843D1252071A9E800A76C22 /* Universe.swift */; };
		2843D1282071C20B00A76C22 /* HeroTableViewCell.swift in Sources */ = {isa = PBXBuildFile; fileRef = 2843D1272071C20B00A76C22 /* HeroTableViewCell.swift */; };
		28B6ABBE206C608400FD1595 /* AppDelegate.swift in Sources */ = {isa = PBXBuildFile; fileRef = 28B6ABBD206C608400FD1595 /* AppDelegate.swift */; };
		28B6ABC0206C608400FD1595 /* ViewController.swift in Sources */ = {isa = PBXBuildFile; fileRef = 28B6ABBF206C608400FD1595 /* ViewController.swift */; };
		28B6ABC3206C608400FD1595 /* Main.storyboard in Resources */ = {isa = PBXBuildFile; fileRef = 28B6ABC1206C608400FD1595 /* Main.storyboard */; };
		28B6ABC5206C608400FD1595 /* Assets.xcassets in Resources */ = {isa = PBXBuildFile; fileRef = 28B6ABC4206C608400FD1595 /* Assets.xcassets */; };
		28B6ABC8206C608400FD1595 /* LaunchScreen.storyboard in Resources */ = {isa = PBXBuildFile; fileRef = 28B6ABC6206C608400FD1595 /* LaunchScreen.storyboard */; };
		28B6ABD3206C608400FD1595 /* HotSHelperTests.swift in Sources */ = {isa = PBXBuildFile; fileRef = 28B6ABD2206C608400FD1595 /* HotSHelperTests.swift */; };
		28B6ABDE206C608400FD1595 /* HotSHelperUITests.swift in Sources */ = {isa = PBXBuildFile; fileRef = 28B6ABDD206C608400FD1595 /* HotSHelperUITests.swift */; };
		28D5D3A62075BF9A0088C946 /* HeroDetailsViewController.swift in Sources */ = {isa = PBXBuildFile; fileRef = 28D5D3A52075BF9A0088C946 /* HeroDetailsViewController.swift */; };
/* End PBXBuildFile section */

/* Begin PBXContainerItemProxy section */
		28B6ABCF206C608400FD1595 /* PBXContainerItemProxy */ = {
			isa = PBXContainerItemProxy;
			containerPortal = 28B6ABB2206C608400FD1595 /* Project object */;
			proxyType = 1;
			remoteGlobalIDString = 28B6ABB9206C608400FD1595;
			remoteInfo = HotSHelper;
		};
		28B6ABDA206C608400FD1595 /* PBXContainerItemProxy */ = {
			isa = PBXContainerItemProxy;
			containerPortal = 28B6ABB2206C608400FD1595 /* Project object */;
			proxyType = 1;
			remoteGlobalIDString = 28B6ABB9206C608400FD1595;
			remoteInfo = HotSHelper;
		};
/* End PBXContainerItemProxy section */

/* Begin PBXFileReference section */
		2843D1202071A80500A76C22 /* HeroListViewController.swift */ = {isa = PBXFileReference; lastKnownFileType = sourcecode.swift; path = HeroListViewController.swift; sourceTree = "<group>"; };
		2843D1232071A8B200A76C22 /* Hero.swift */ = {isa = PBXFileReference; lastKnownFileType = sourcecode.swift; path = Hero.swift; sourceTree = "<group>"; };
		2843D1252071A9E800A76C22 /* Universe.swift */ = {isa = PBXFileReference; lastKnownFileType = sourcecode.swift; path = Universe.swift; sourceTree = "<group>"; };
		2843D1272071C20B00A76C22 /* HeroTableViewCell.swift */ = {isa = PBXFileReference; lastKnownFileType = sourcecode.swift; path = HeroTableViewCell.swift; sourceTree = "<group>"; };
		28B6ABBA206C608400FD1595 /* HotSHelper.app */ = {isa = PBXFileReference; explicitFileType = wrapper.application; includeInIndex = 0; path = HotSHelper.app; sourceTree = BUILT_PRODUCTS_DIR; };
		28B6ABBD206C608400FD1595 /* AppDelegate.swift */ = {isa = PBXFileReference; lastKnownFileType = sourcecode.swift; path = AppDelegate.swift; sourceTree = "<group>"; };
		28B6ABBF206C608400FD1595 /* ViewController.swift */ = {isa = PBXFileReference; lastKnownFileType = sourcecode.swift; path = ViewController.swift; sourceTree = "<group>"; };
		28B6ABC2206C608400FD1595 /* Base */ = {isa = PBXFileReference; lastKnownFileType = file.storyboard; name = Base; path = Base.lproj/Main.storyboard; sourceTree = "<group>"; };
		28B6ABC4206C608400FD1595 /* Assets.xcassets */ = {isa = PBXFileReference; lastKnownFileType = folder.assetcatalog; path = Assets.xcassets; sourceTree = "<group>"; };
		28B6ABC7206C608400FD1595 /* Base */ = {isa = PBXFileReference; lastKnownFileType = file.storyboard; name = Base; path = Base.lproj/LaunchScreen.storyboard; sourceTree = "<group>"; };
		28B6ABC9206C608400FD1595 /* Info.plist */ = {isa = PBXFileReference; lastKnownFileType = text.plist.xml; path = Info.plist; sourceTree = "<group>"; };
		28B6ABCE206C608400FD1595 /* HotSHelperTests.xctest */ = {isa = PBXFileReference; explicitFileType = wrapper.cfbundle; includeInIndex = 0; path = HotSHelperTests.xctest; sourceTree = BUILT_PRODUCTS_DIR; };
		28B6ABD2206C608400FD1595 /* HotSHelperTests.swift */ = {isa = PBXFileReference; lastKnownFileType = sourcecode.swift; path = HotSHelperTests.swift; sourceTree = "<group>"; };
		28B6ABD4206C608400FD1595 /* Info.plist */ = {isa = PBXFileReference; lastKnownFileType = text.plist.xml; path = Info.plist; sourceTree = "<group>"; };
		28B6ABD9206C608400FD1595 /* HotSHelperUITests.xctest */ = {isa = PBXFileReference; explicitFileType = wrapper.cfbundle; includeInIndex = 0; path = HotSHelperUITests.xctest; sourceTree = BUILT_PRODUCTS_DIR; };
		28B6ABDD206C608400FD1595 /* HotSHelperUITests.swift */ = {isa = PBXFileReference; lastKnownFileType = sourcecode.swift; path = HotSHelperUITests.swift; sourceTree = "<group>"; };
		28B6ABDF206C608400FD1595 /* Info.plist */ = {isa = PBXFileReference; lastKnownFileType = text.plist.xml; path = Info.plist; sourceTree = "<group>"; };
		28D5D3A52075BF9A0088C946 /* HeroDetailsViewController.swift */ = {isa = PBXFileReference; lastKnownFileType = sourcecode.swift; path = HeroDetailsViewController.swift; sourceTree = "<group>"; };
/* End PBXFileReference section */

/* Begin PBXFrameworksBuildPhase section */
		28B6ABB7206C608400FD1595 /* Frameworks */ = {
			isa = PBXFrameworksBuildPhase;
			buildActionMask = 2147483647;
			files = (
			);
			runOnlyForDeploymentPostprocessing = 0;
		};
		28B6ABCB206C608400FD1595 /* Frameworks */ = {
			isa = PBXFrameworksBuildPhase;
			buildActionMask = 2147483647;
			files = (
			);
			runOnlyForDeploymentPostprocessing = 0;
		};
		28B6ABD6206C608400FD1595 /* Frameworks */ = {
			isa = PBXFrameworksBuildPhase;
			buildActionMask = 2147483647;
			files = (
			);
			runOnlyForDeploymentPostprocessing = 0;
		};
/* End PBXFrameworksBuildPhase section */

/* Begin PBXGroup section */
		2843D11F2071A7AE00A76C22 /* ViewControllers */ = {
			isa = PBXGroup;
			children = (
				28B6ABBF206C608400FD1595 /* ViewController.swift */,
				2843D1202071A80500A76C22 /* HeroListViewController.swift */,
				28D5D3A52075BF9A0088C946 /* HeroDetailsViewController.swift */,
			);
			path = ViewControllers;
			sourceTree = "<group>";
		};
		2843D1222071A89300A76C22 /* Models */ = {
			isa = PBXGroup;
			children = (
				2843D1232071A8B200A76C22 /* Hero.swift */,
				2843D1252071A9E800A76C22 /* Universe.swift */,
			);
			path = Models;
			sourceTree = "<group>";
		};
		28B6ABB1206C608300FD1595 = {
			isa = PBXGroup;
			children = (
				28B6ABBC206C608400FD1595 /* HotSHelper */,
				28B6ABD1206C608400FD1595 /* HotSHelperTests */,
				28B6ABDC206C608400FD1595 /* HotSHelperUITests */,
				28B6ABBB206C608400FD1595 /* Products */,
			);
			sourceTree = "<group>";
		};
		28B6ABBB206C608400FD1595 /* Products */ = {
			isa = PBXGroup;
			children = (
				28B6ABBA206C608400FD1595 /* HotSHelper.app */,
				28B6ABCE206C608400FD1595 /* HotSHelperTests.xctest */,
				28B6ABD9206C608400FD1595 /* HotSHelperUITests.xctest */,
			);
			name = Products;
			sourceTree = "<group>";
		};
		28B6ABBC206C608400FD1595 /* HotSHelper */ = {
			isa = PBXGroup;
			children = (
				2843D1222071A89300A76C22 /* Models */,
				2843D11F2071A7AE00A76C22 /* ViewControllers */,
				28B6ABBD206C608400FD1595 /* AppDelegate.swift */,
				28B6ABC1206C608400FD1595 /* Main.storyboard */,
				28B6ABC4206C608400FD1595 /* Assets.xcassets */,
				28B6ABC6206C608400FD1595 /* LaunchScreen.storyboard */,
				28B6ABC9206C608400FD1595 /* Info.plist */,
				2843D1272071C20B00A76C22 /* HeroTableViewCell.swift */,
			);
			path = HotSHelper;
			sourceTree = "<group>";
		};
		28B6ABD1206C608400FD1595 /* HotSHelperTests */ = {
			isa = PBXGroup;
			children = (
				28B6ABD2206C608400FD1595 /* HotSHelperTests.swift */,
				28B6ABD4206C608400FD1595 /* Info.plist */,
			);
			path = HotSHelperTests;
			sourceTree = "<group>";
		};
		28B6ABDC206C608400FD1595 /* HotSHelperUITests */ = {
			isa = PBXGroup;
			children = (
				28B6ABDD206C608400FD1595 /* HotSHelperUITests.swift */,
				28B6ABDF206C608400FD1595 /* Info.plist */,
			);
			path = HotSHelperUITests;
			sourceTree = "<group>";
		};
/* End PBXGroup section */

/* Begin PBXNativeTarget section */
		28B6ABB9206C608400FD1595 /* HotSHelper */ = {
			isa = PBXNativeTarget;
			buildConfigurationList = 28B6ABE2206C608400FD1595 /* Build configuration list for PBXNativeTarget "HotSHelper" */;
			buildPhases = (
				28B6ABB6206C608400FD1595 /* Sources */,
				28B6ABB7206C608400FD1595 /* Frameworks */,
				28B6ABB8206C608400FD1595 /* Resources */,
			);
			buildRules = (
			);
			dependencies = (
			);
			name = HotSHelper;
			productName = HotSHelper;
			productReference = 28B6ABBA206C608400FD1595 /* HotSHelper.app */;
			productType = "com.apple.product-type.application";
		};
		28B6ABCD206C608400FD1595 /* HotSHelperTests */ = {
			isa = PBXNativeTarget;
			buildConfigurationList = 28B6ABE5206C608400FD1595 /* Build configuration list for PBXNativeTarget "HotSHelperTests" */;
			buildPhases = (
				28B6ABCA206C608400FD1595 /* Sources */,
				28B6ABCB206C608400FD1595 /* Frameworks */,
				28B6ABCC206C608400FD1595 /* Resources */,
			);
			buildRules = (
			);
			dependencies = (
				28B6ABD0206C608400FD1595 /* PBXTargetDependency */,
			);
			name = HotSHelperTests;
			productName = HotSHelperTests;
			productReference = 28B6ABCE206C608400FD1595 /* HotSHelperTests.xctest */;
			productType = "com.apple.product-type.bundle.unit-test";
		};
		28B6ABD8206C608400FD1595 /* HotSHelperUITests */ = {
			isa = PBXNativeTarget;
			buildConfigurationList = 28B6ABE8206C608400FD1595 /* Build configuration list for PBXNativeTarget "HotSHelperUITests" */;
			buildPhases = (
				28B6ABD5206C608400FD1595 /* Sources */,
				28B6ABD6206C608400FD1595 /* Frameworks */,
				28B6ABD7206C608400FD1595 /* Resources */,
			);
			buildRules = (
			);
			dependencies = (
				28B6ABDB206C608400FD1595 /* PBXTargetDependency */,
			);
			name = HotSHelperUITests;
			productName = HotSHelperUITests;
			productReference = 28B6ABD9206C608400FD1595 /* HotSHelperUITests.xctest */;
			productType = "com.apple.product-type.bundle.ui-testing";
		};
/* End PBXNativeTarget section */

/* Begin PBXProject section */
		28B6ABB2206C608400FD1595 /* Project object */ = {
			isa = PBXProject;
			attributes = {
				LastSwiftUpdateCheck = 0920;
				LastUpgradeCheck = 0920;
				ORGANIZATIONNAME = "Nathaniel Warner";
				TargetAttributes = {
					28B6ABB9206C608400FD1595 = {
						CreatedOnToolsVersion = 9.2;
						ProvisioningStyle = Automatic;
					};
					28B6ABCD206C608400FD1595 = {
						CreatedOnToolsVersion = 9.2;
						ProvisioningStyle = Automatic;
						TestTargetID = 28B6ABB9206C608400FD1595;
					};
					28B6ABD8206C608400FD1595 = {
						CreatedOnToolsVersion = 9.2;
						ProvisioningStyle = Automatic;
						TestTargetID = 28B6ABB9206C608400FD1595;
					};
				};
			};
			buildConfigurationList = 28B6ABB5206C608400FD1595 /* Build configuration list for PBXProject "HotSHelper" */;
			compatibilityVersion = "Xcode 8.0";
			developmentRegion = en;
			hasScannedForEncodings = 0;
			knownRegions = (
				en,
				Base,
			);
			mainGroup = 28B6ABB1206C608300FD1595;
			productRefGroup = 28B6ABBB206C608400FD1595 /* Products */;
			projectDirPath = "";
			projectRoot = "";
			targets = (
				28B6ABB9206C608400FD1595 /* HotSHelper */,
				28B6ABCD206C608400FD1595 /* HotSHelperTests */,
				28B6ABD8206C608400FD1595 /* HotSHelperUITests */,
			);
		};
/* End PBXProject section */

/* Begin PBXResourcesBuildPhase section */
		28B6ABB8206C608400FD1595 /* Resources */ = {
			isa = PBXResourcesBuildPhase;
			buildActionMask = 2147483647;
			files = (
				28B6ABC8206C608400FD1595 /* LaunchScreen.storyboard in Resources */,
				28B6ABC5206C608400FD1595 /* Assets.xcassets in Resources */,
				28B6ABC3206C608400FD1595 /* Main.storyboard in Resources */,
			);
			runOnlyForDeploymentPostprocessing = 0;
		};
		28B6ABCC206C608400FD1595 /* Resources */ = {
			isa = PBXResourcesBuildPhase;
			buildActionMask = 2147483647;
			files = (
			);
			runOnlyForDeploymentPostprocessing = 0;
		};
		28B6ABD7206C608400FD1595 /* Resources */ = {
			isa = PBXResourcesBuildPhase;
			buildActionMask = 2147483647;
			files = (
			);
			runOnlyForDeploymentPostprocessing = 0;
		};
/* End PBXResourcesBuildPhase section */

/* Begin PBXSourcesBuildPhase section */
		28B6ABB6206C608400FD1595 /* Sources */ = {
			isa = PBXSourcesBuildPhase;
			buildActionMask = 2147483647;
			files = (
				2843D1212071A80500A76C22 /* HeroListViewController.swift in Sources */,
				2843D1282071C20B00A76C22 /* HeroTableViewCell.swift in Sources */,
				28D5D3A62075BF9A0088C946 /* HeroDetailsViewController.swift in Sources */,
				28B6ABC0206C608400FD1595 /* ViewController.swift in Sources */,
				2843D1262071A9E800A76C22 /* Universe.swift in Sources */,
				28B6ABBE206C608400FD1595 /* AppDelegate.swift in Sources */,
				2843D1242071A8B200A76C22 /* Hero.swift in Sources */,
			);
			runOnlyForDeploymentPostprocessing = 0;
		};
		28B6ABCA206C608400FD1595 /* Sources */ = {
			isa = PBXSourcesBuildPhase;
			buildActionMask = 2147483647;
			files = (
				28B6ABD3206C608400FD1595 /* HotSHelperTests.swift in Sources */,
			);
			runOnlyForDeploymentPostprocessing = 0;
		};
		28B6ABD5206C608400FD1595 /* Sources */ = {
			isa = PBXSourcesBuildPhase;
			buildActionMask = 2147483647;
			files = (
				28B6ABDE206C608400FD1595 /* HotSHelperUITests.swift in Sources */,
			);
			runOnlyForDeploymentPostprocessing = 0;
		};
/* End PBXSourcesBuildPhase section */

/* Begin PBXTargetDependency section */
		28B6ABD0206C608400FD1595 /* PBXTargetDependency */ = {
			isa = PBXTargetDependency;
			target = 28B6ABB9206C608400FD1595 /* HotSHelper */;
			targetProxy = 28B6ABCF206C608400FD1595 /* PBXContainerItemProxy */;
		};
		28B6ABDB206C608400FD1595 /* PBXTargetDependency */ = {
			isa = PBXTargetDependency;
			target = 28B6ABB9206C608400FD1595 /* HotSHelper */;
			targetProxy = 28B6ABDA206C608400FD1595 /* PBXContainerItemProxy */;
		};
/* End PBXTargetDependency section */

/* Begin PBXVariantGroup section */
		28B6ABC1206C608400FD1595 /* Main.storyboard */ = {
			isa = PBXVariantGroup;
			children = (
				28B6ABC2206C608400FD1595 /* Base */,
			);
			name = Main.storyboard;
			sourceTree = "<group>";
		};
		28B6ABC6206C608400FD1595 /* LaunchScreen.storyboard */ = {
			isa = PBXVariantGroup;
			children = (
				28B6ABC7206C608400FD1595 /* Base */,
			);
			name = LaunchScreen.storyboard;
			sourceTree = "<group>";
		};
/* End PBXVariantGroup section */

/* Begin XCBuildConfiguration section */
		28B6ABE0206C608400FD1595 /* Debug */ = {
			isa = XCBuildConfiguration;
			buildSettings = {
				ALWAYS_SEARCH_USER_PATHS = NO;
				CLANG_ANALYZER_NONNULL = YES;
				CLANG_ANALYZER_NUMBER_OBJECT_CONVERSION = YES_AGGRESSIVE;
				CLANG_CXX_LANGUAGE_STANDARD = "gnu++14";
				CLANG_CXX_LIBRARY = "libc++";
				CLANG_ENABLE_MODULES = YES;
				CLANG_ENABLE_OBJC_ARC = YES;
				CLANG_WARN_BLOCK_CAPTURE_AUTORELEASING = YES;
				CLANG_WARN_BOOL_CONVERSION = YES;
				CLANG_WARN_COMMA = YES;
				CLANG_WARN_CONSTANT_CONVERSION = YES;
				CLANG_WARN_DIRECT_OBJC_ISA_USAGE = YES_ERROR;
				CLANG_WARN_DOCUMENTATION_COMMENTS = YES;
				CLANG_WARN_EMPTY_BODY = YES;
				CLANG_WARN_ENUM_CONVERSION = YES;
				CLANG_WARN_INFINITE_RECURSION = YES;
				CLANG_WARN_INT_CONVERSION = YES;
				CLANG_WARN_NON_LITERAL_NULL_CONVERSION = YES;
				CLANG_WARN_OBJC_LITERAL_CONVERSION = YES;
				CLANG_WARN_OBJC_ROOT_CLASS = YES_ERROR;
				CLANG_WARN_RANGE_LOOP_ANALYSIS = YES;
				CLANG_WARN_STRICT_PROTOTYPES = YES;
				CLANG_WARN_SUSPICIOUS_MOVE = YES;
				CLANG_WARN_UNGUARDED_AVAILABILITY = YES_AGGRESSIVE;
				CLANG_WARN_UNREACHABLE_CODE = YES;
				CLANG_WARN__DUPLICATE_METHOD_MATCH = YES;
				CODE_SIGN_IDENTITY = "iPhone Developer";
				COPY_PHASE_STRIP = NO;
				DEBUG_INFORMATION_FORMAT = dwarf;
				ENABLE_STRICT_OBJC_MSGSEND = YES;
				ENABLE_TESTABILITY = YES;
				GCC_C_LANGUAGE_STANDARD = gnu11;
				GCC_DYNAMIC_NO_PIC = NO;
				GCC_NO_COMMON_BLOCKS = YES;
				GCC_OPTIMIZATION_LEVEL = 0;
				GCC_PREPROCESSOR_DEFINITIONS = (
					"DEBUG=1",
					"$(inherited)",
				);
				GCC_WARN_64_TO_32_BIT_CONVERSION = YES;
				GCC_WARN_ABOUT_RETURN_TYPE = YES_ERROR;
				GCC_WARN_UNDECLARED_SELECTOR = YES;
				GCC_WARN_UNINITIALIZED_AUTOS = YES_AGGRESSIVE;
				GCC_WARN_UNUSED_FUNCTION = YES;
				GCC_WARN_UNUSED_VARIABLE = YES;
				IPHONEOS_DEPLOYMENT_TARGET = 11.2;
				MTL_ENABLE_DEBUG_INFO = YES;
				ONLY_ACTIVE_ARCH = YES;
				SDKROOT = iphoneos;
				SWIFT_ACTIVE_COMPILATION_CONDITIONS = DEBUG;
				SWIFT_OPTIMIZATION_LEVEL = "-Onone";
			};
			name = Debug;
		};
		28B6ABE1206C608400FD1595 /* Release */ = {
			isa = XCBuildConfiguration;
			buildSettings = {
				ALWAYS_SEARCH_USER_PATHS = NO;
				CLANG_ANALYZER_NONNULL = YES;
				CLANG_ANALYZER_NUMBER_OBJECT_CONVERSION = YES_AGGRESSIVE;
				CLANG_CXX_LANGUAGE_STANDARD = "gnu++14";
				CLANG_CXX_LIBRARY = "libc++";
				CLANG_ENABLE_MODULES = YES;
				CLANG_ENABLE_OBJC_ARC = YES;
				CLANG_WARN_BLOCK_CAPTURE_AUTORELEASING = YES;
				CLANG_WARN_BOOL_CONVERSION = YES;
				CLANG_WARN_COMMA = YES;
				CLANG_WARN_CONSTANT_CONVERSION = YES;
				CLANG_WARN_DIRECT_OBJC_ISA_USAGE = YES_ERROR;
				CLANG_WARN_DOCUMENTATION_COMMENTS = YES;
				CLANG_WARN_EMPTY_BODY = YES;
				CLANG_WARN_ENUM_CONVERSION = YES;
				CLANG_WARN_INFINITE_RECURSION = YES;
				CLANG_WARN_INT_CONVERSION = YES;
				CLANG_WARN_NON_LITERAL_NULL_CONVERSION = YES;
				CLANG_WARN_OBJC_LITERAL_CONVERSION = YES;
				CLANG_WARN_OBJC_ROOT_CLASS = YES_ERROR;
				CLANG_WARN_RANGE_LOOP_ANALYSIS = YES;
				CLANG_WARN_STRICT_PROTOTYPES = YES;
				CLANG_WARN_SUSPICIOUS_MOVE = YES;
				CLANG_WARN_UNGUARDED_AVAILABILITY = YES_AGGRESSIVE;
				CLANG_WARN_UNREACHABLE_CODE = YES;
				CLANG_WARN__DUPLICATE_METHOD_MATCH = YES;
				CODE_SIGN_IDENTITY = "iPhone Developer";
				COPY_PHASE_STRIP = NO;
				DEBUG_INFORMATION_FORMAT = "dwarf-with-dsym";
				ENABLE_NS_ASSERTIONS = NO;
				ENABLE_STRICT_OBJC_MSGSEND = YES;
				GCC_C_LANGUAGE_STANDARD = gnu11;
				GCC_NO_COMMON_BLOCKS = YES;
				GCC_WARN_64_TO_32_BIT_CONVERSION = YES;
				GCC_WARN_ABOUT_RETURN_TYPE = YES_ERROR;
				GCC_WARN_UNDECLARED_SELECTOR = YES;
				GCC_WARN_UNINITIALIZED_AUTOS = YES_AGGRESSIVE;
				GCC_WARN_UNUSED_FUNCTION = YES;
				GCC_WARN_UNUSED_VARIABLE = YES;
				IPHONEOS_DEPLOYMENT_TARGET = 11.2;
				MTL_ENABLE_DEBUG_INFO = NO;
				SDKROOT = iphoneos;
				SWIFT_OPTIMIZATION_LEVEL = "-Owholemodule";
				VALIDATE_PRODUCT = YES;
			};
			name = Release;
		};
		28B6ABE3206C608400FD1595 /* Debug */ = {
			isa = XCBuildConfiguration;
			buildSettings = {
				ASSETCATALOG_COMPILER_APPICON_NAME = AppIcon;
				CODE_SIGN_STYLE = Automatic;
				INFOPLIST_FILE = HotSHelper/Info.plist;
				LD_RUNPATH_SEARCH_PATHS = "$(inherited) @executable_path/Frameworks";
				PRODUCT_BUNDLE_IDENTIFIER = com.nwarner.ios.HotSHelper;
				PRODUCT_NAME = "$(TARGET_NAME)";
				SWIFT_VERSION = 4.0;
				TARGETED_DEVICE_FAMILY = "1,2";
			};
			name = Debug;
		};
		28B6ABE4206C608400FD1595 /* Release */ = {
			isa = XCBuildConfiguration;
			buildSettings = {
				ASSETCATALOG_COMPILER_APPICON_NAME = AppIcon;
				CODE_SIGN_STYLE = Automatic;
				INFOPLIST_FILE = HotSHelper/Info.plist;
				LD_RUNPATH_SEARCH_PATHS = "$(inherited) @executable_path/Frameworks";
				PRODUCT_BUNDLE_IDENTIFIER = com.nwarner.ios.HotSHelper;
				PRODUCT_NAME = "$(TARGET_NAME)";
				SWIFT_VERSION = 4.0;
				TARGETED_DEVICE_FAMILY = "1,2";
			};
			name = Release;
		};
		28B6ABE6206C608400FD1595 /* Debug */ = {
			isa = XCBuildConfiguration;
			buildSettings = {
				ALWAYS_EMBED_SWIFT_STANDARD_LIBRARIES = YES;
				BUNDLE_LOADER = "$(TEST_HOST)";
				CODE_SIGN_STYLE = Automatic;
				INFOPLIST_FILE = HotSHelperTests/Info.plist;
				LD_RUNPATH_SEARCH_PATHS = "$(inherited) @executable_path/Frameworks @loader_path/Frameworks";
				PRODUCT_BUNDLE_IDENTIFIER = com.nwarner.ios.HotSHelperTests;
				PRODUCT_NAME = "$(TARGET_NAME)";
				SWIFT_VERSION = 4.0;
				TARGETED_DEVICE_FAMILY = "1,2";
				TEST_HOST = "$(BUILT_PRODUCTS_DIR)/HotSHelper.app/HotSHelper";
			};
			name = Debug;
		};
		28B6ABE7206C608400FD1595 /* Release */ = {
			isa = XCBuildConfiguration;
			buildSettings = {
				ALWAYS_EMBED_SWIFT_STANDARD_LIBRARIES = YES;
				BUNDLE_LOADER = "$(TEST_HOST)";
				CODE_SIGN_STYLE = Automatic;
				INFOPLIST_FILE = HotSHelperTests/Info.plist;
				LD_RUNPATH_SEARCH_PATHS = "$(inherited) @executable_path/Frameworks @loader_path/Frameworks";
				PRODUCT_BUNDLE_IDENTIFIER = com.nwarner.ios.HotSHelperTests;
				PRODUCT_NAME = "$(TARGET_NAME)";
				SWIFT_VERSION = 4.0;
				TARGETED_DEVICE_FAMILY = "1,2";
				TEST_HOST = "$(BUILT_PRODUCTS_DIR)/HotSHelper.app/HotSHelper";
			};
			name = Release;
		};
		28B6ABE9206C608400FD1595 /* Debug */ = {
			isa = XCBuildConfiguration;
			buildSettings = {
				ALWAYS_EMBED_SWIFT_STANDARD_LIBRARIES = YES;
				CODE_SIGN_STYLE = Automatic;
				INFOPLIST_FILE = HotSHelperUITests/Info.plist;
				LD_RUNPATH_SEARCH_PATHS = "$(inherited) @executable_path/Frameworks @loader_path/Frameworks";
				PRODUCT_BUNDLE_IDENTIFIER = com.nwarner.ios.HotSHelperUITests;
				PRODUCT_NAME = "$(TARGET_NAME)";
				SWIFT_VERSION = 4.0;
				TARGETED_DEVICE_FAMILY = "1,2";
				TEST_TARGET_NAME = HotSHelper;
			};
			name = Debug;
		};
		28B6ABEA206C608400FD1595 /* Release */ = {
			isa = XCBuildConfiguration;
			buildSettings = {
				ALWAYS_EMBED_SWIFT_STANDARD_LIBRARIES = YES;
				CODE_SIGN_STYLE = Automatic;
				INFOPLIST_FILE = HotSHelperUITests/Info.plist;
				LD_RUNPATH_SEARCH_PATHS = "$(inherited) @executable_path/Frameworks @loader_path/Frameworks";
				PRODUCT_BUNDLE_IDENTIFIER = com.nwarner.ios.HotSHelperUITests;
				PRODUCT_NAME = "$(TARGET_NAME)";
				SWIFT_VERSION = 4.0;
				TARGETED_DEVICE_FAMILY = "1,2";
				TEST_TARGET_NAME = HotSHelper;
			};
			name = Release;
		};
/* End XCBuildConfiguration section */

/* Begin XCConfigurationList section */
		28B6ABB5206C608400FD1595 /* Build configuration list for PBXProject "HotSHelper" */ = {
			isa = XCConfigurationList;
			buildConfigurations = (
				28B6ABE0206C608400FD1595 /* Debug */,
				28B6ABE1206C608400FD1595 /* Release */,
			);
			defaultConfigurationIsVisible = 0;
			defaultConfigurationName = Release;
		};
		28B6ABE2206C608400FD1595 /* Build configuration list for PBXNativeTarget "HotSHelper" */ = {
			isa = XCConfigurationList;
			buildConfigurations = (
				28B6ABE3206C608400FD1595 /* Debug */,
				28B6ABE4206C608400FD1595 /* Release */,
			);
			defaultConfigurationIsVisible = 0;
			defaultConfigurationName = Release;
		};
		28B6ABE5206C608400FD1595 /* Build configuration list for PBXNativeTarget "HotSHelperTests" */ = {
			isa = XCConfigurationList;
			buildConfigurations = (
				28B6ABE6206C608400FD1595 /* Debug */,
				28B6ABE7206C608400FD1595 /* Release */,
			);
			defaultConfigurationIsVisible = 0;
			defaultConfigurationName = Release;
		};
		28B6ABE8206C608400FD1595 /* Build configuration list for PBXNativeTarget "HotSHelperUITests" */ = {
			isa = XCConfigurationList;
			buildConfigurations = (
				28B6ABE9206C608400FD1595 /* Debug */,
				28B6ABEA206C608400FD1595 /* Release */,
			);
			defaultConfigurationIsVisible = 0;
			defaultConfigurationName = Release;
		};
/* End XCConfigurationList section */
	};
	rootObject = 28B6ABB2206C608400FD1595 /* Project object */;
}
